// !$*UTF8*$!
{
	archiveVersion = 1;
	classes = {
	};
	objectVersion = 56;
	objects = {

/* Begin PBXBuildFile section */
		7728A1632BB881E90089B95D /* Label + Extension.swift in Sources */ = {isa = PBXBuildFile; fileRef = 7728A1622BB881E90089B95D /* Label + Extension.swift */; };
		7728A1652BB8820E0089B95D /* UIButton + Extension.swift in Sources */ = {isa = PBXBuildFile; fileRef = 7728A1642BB8820E0089B95D /* UIButton + Extension.swift */; };
		7728A1672BB882210089B95D /* UIColor + Extension.swift in Sources */ = {isa = PBXBuildFile; fileRef = 7728A1662BB882210089B95D /* UIColor + Extension.swift */; };
		7728A1692BB882340089B95D /* UIFont + Extension.swift in Sources */ = {isa = PBXBuildFile; fileRef = 7728A1682BB882340089B95D /* UIFont + Extension.swift */; };
		7728A16B2BB8826E0089B95D /* UIImageView + Extension.swift in Sources */ = {isa = PBXBuildFile; fileRef = 7728A16A2BB8826E0089B95D /* UIImageView + Extension.swift */; };
		7728A1702BB8A45D0089B95D /* ButtonFormView.swift in Sources */ = {isa = PBXBuildFile; fileRef = 7728A16F2BB8A45D0089B95D /* ButtonFormView.swift */; };
		777B5BB32BC8087800145FEF /* SectionHeader.swift in Sources */ = {isa = PBXBuildFile; fileRef = 777B5BB22BC8087800145FEF /* SectionHeader.swift */; };
		7783AEAB2BC72110008D9E2F /* GradientView.swift in Sources */ = {isa = PBXBuildFile; fileRef = 7783AEAA2BC72110008D9E2F /* GradientView.swift */; };
		7783AEAD2BC72E27008D9E2F /* WaitingChatCell.swift in Sources */ = {isa = PBXBuildFile; fileRef = 7783AEAC2BC72E27008D9E2F /* WaitingChatCell.swift */; };
		7783AEB02BC72EE1008D9E2F /* SelfConfiguringCell.swift in Sources */ = {isa = PBXBuildFile; fileRef = 7783AEAF2BC72EE1008D9E2F /* SelfConfiguringCell.swift */; };
		77A0BF672BBAA95900967005 /* StackView + Entension.swift in Sources */ = {isa = PBXBuildFile; fileRef = 77A0BF662BBAA95900967005 /* StackView + Entension.swift */; };
		77AF94762BBAF7E600F2E4DE /* SignUpViewController.swift in Sources */ = {isa = PBXBuildFile; fileRef = 77AF94752BBAF7E600F2E4DE /* SignUpViewController.swift */; };
		77AF94782BBAFC3C00F2E4DE /* OneLineTextField.swift in Sources */ = {isa = PBXBuildFile; fileRef = 77AF94772BBAFC3C00F2E4DE /* OneLineTextField.swift */; };
		77AF947A2BBB066C00F2E4DE /* LoginViewController.swift in Sources */ = {isa = PBXBuildFile; fileRef = 77AF94792BBB066C00F2E4DE /* LoginViewController.swift */; };
		77AF947C2BBB4F9200F2E4DE /* SetupProfileViewController.swift in Sources */ = {isa = PBXBuildFile; fileRef = 77AF947B2BBB4F9200F2E4DE /* SetupProfileViewController.swift */; };
		77AF947E2BBB53F000F2E4DE /* AddPhotoView.swift in Sources */ = {isa = PBXBuildFile; fileRef = 77AF947D2BBB53F000F2E4DE /* AddPhotoView.swift */; };
		77B38A772BBD6FD700D77566 /* ListViewController.swift in Sources */ = {isa = PBXBuildFile; fileRef = 77B38A762BBD6FD700D77566 /* ListViewController.swift */; };
		77B38A7B2BBD737500D77566 /* MainTabBarController.swift in Sources */ = {isa = PBXBuildFile; fileRef = 77B38A7A2BBD737500D77566 /* MainTabBarController.swift */; };
		77B38A7D2BBD73EA00D77566 /* PeopleViewController.swift in Sources */ = {isa = PBXBuildFile; fileRef = 77B38A7C2BBD73EA00D77566 /* PeopleViewController.swift */; };
		77B38A7F2BC0023700D77566 /* activeChats.json in Resources */ = {isa = PBXBuildFile; fileRef = 77B38A7E2BC0023700D77566 /* activeChats.json */; };
		77B38A812BC0024000D77566 /* waitingChats.json in Resources */ = {isa = PBXBuildFile; fileRef = 77B38A802BC0024000D77566 /* waitingChats.json */; };
		77B38A832BC0026B00D77566 /* Bundle-Decodable.swift in Sources */ = {isa = PBXBuildFile; fileRef = 77B38A822BC0026B00D77566 /* Bundle-Decodable.swift */; };
		77B38A862BC00F8E00D77566 /* ActiveChatCell.swift in Sources */ = {isa = PBXBuildFile; fileRef = 77B38A852BC00F8E00D77566 /* ActiveChatCell.swift */; };
		77D693022BB629680089A964 /* AppDelegate.swift in Sources */ = {isa = PBXBuildFile; fileRef = 77D693012BB629680089A964 /* AppDelegate.swift */; };
		77D693042BB629680089A964 /* SceneDelegate.swift in Sources */ = {isa = PBXBuildFile; fileRef = 77D693032BB629680089A964 /* SceneDelegate.swift */; };
		77D693062BB629680089A964 /* AuthViewController.swift in Sources */ = {isa = PBXBuildFile; fileRef = 77D693052BB629680089A964 /* AuthViewController.swift */; };
		77D6930B2BB629690089A964 /* Assets.xcassets in Resources */ = {isa = PBXBuildFile; fileRef = 77D6930A2BB629690089A964 /* Assets.xcassets */; };
		77D6930E2BB629690089A964 /* LaunchScreen.storyboard in Resources */ = {isa = PBXBuildFile; fileRef = 77D6930C2BB629690089A964 /* LaunchScreen.storyboard */; };
		77DEED352BBC25C500BB7F6D /* SegmentedControl + Extension.swift in Sources */ = {isa = PBXBuildFile; fileRef = 77DEED342BBC25C500BB7F6D /* SegmentedControl + Extension.swift */; };
/* End PBXBuildFile section */

/* Begin PBXFileReference section */
		7728A1622BB881E90089B95D /* Label + Extension.swift */ = {isa = PBXFileReference; lastKnownFileType = sourcecode.swift; path = "Label + Extension.swift"; sourceTree = "<group>"; };
		7728A1642BB8820E0089B95D /* UIButton + Extension.swift */ = {isa = PBXFileReference; lastKnownFileType = sourcecode.swift; path = "UIButton + Extension.swift"; sourceTree = "<group>"; };
		7728A1662BB882210089B95D /* UIColor + Extension.swift */ = {isa = PBXFileReference; lastKnownFileType = sourcecode.swift; path = "UIColor + Extension.swift"; sourceTree = "<group>"; };
		7728A1682BB882340089B95D /* UIFont + Extension.swift */ = {isa = PBXFileReference; lastKnownFileType = sourcecode.swift; path = "UIFont + Extension.swift"; sourceTree = "<group>"; };
		7728A16A2BB8826E0089B95D /* UIImageView + Extension.swift */ = {isa = PBXFileReference; lastKnownFileType = sourcecode.swift; path = "UIImageView + Extension.swift"; sourceTree = "<group>"; };
		7728A16F2BB8A45D0089B95D /* ButtonFormView.swift */ = {isa = PBXFileReference; lastKnownFileType = sourcecode.swift; path = ButtonFormView.swift; sourceTree = "<group>"; };
		777B5BB22BC8087800145FEF /* SectionHeader.swift */ = {isa = PBXFileReference; lastKnownFileType = sourcecode.swift; path = SectionHeader.swift; sourceTree = "<group>"; };
		7783AEAA2BC72110008D9E2F /* GradientView.swift */ = {isa = PBXFileReference; lastKnownFileType = sourcecode.swift; path = GradientView.swift; sourceTree = "<group>"; };
		7783AEAC2BC72E27008D9E2F /* WaitingChatCell.swift */ = {isa = PBXFileReference; lastKnownFileType = sourcecode.swift; path = WaitingChatCell.swift; sourceTree = "<group>"; };
		7783AEAF2BC72EE1008D9E2F /* SelfConfiguringCell.swift */ = {isa = PBXFileReference; lastKnownFileType = sourcecode.swift; path = SelfConfiguringCell.swift; sourceTree = "<group>"; };
		77A0BF662BBAA95900967005 /* StackView + Entension.swift */ = {isa = PBXFileReference; lastKnownFileType = sourcecode.swift; path = "StackView + Entension.swift"; sourceTree = "<group>"; };
		77AF94752BBAF7E600F2E4DE /* SignUpViewController.swift */ = {isa = PBXFileReference; lastKnownFileType = sourcecode.swift; path = SignUpViewController.swift; sourceTree = "<group>"; };
		77AF94772BBAFC3C00F2E4DE /* OneLineTextField.swift */ = {isa = PBXFileReference; lastKnownFileType = sourcecode.swift; path = OneLineTextField.swift; sourceTree = "<group>"; };
		77AF94792BBB066C00F2E4DE /* LoginViewController.swift */ = {isa = PBXFileReference; lastKnownFileType = sourcecode.swift; path = LoginViewController.swift; sourceTree = "<group>"; };
		77AF947B2BBB4F9200F2E4DE /* SetupProfileViewController.swift */ = {isa = PBXFileReference; lastKnownFileType = sourcecode.swift; path = SetupProfileViewController.swift; sourceTree = "<group>"; };
		77AF947D2BBB53F000F2E4DE /* AddPhotoView.swift */ = {isa = PBXFileReference; lastKnownFileType = sourcecode.swift; path = AddPhotoView.swift; sourceTree = "<group>"; };
		77B38A762BBD6FD700D77566 /* ListViewController.swift */ = {isa = PBXFileReference; lastKnownFileType = sourcecode.swift; path = ListViewController.swift; sourceTree = "<group>"; };
		77B38A7A2BBD737500D77566 /* MainTabBarController.swift */ = {isa = PBXFileReference; lastKnownFileType = sourcecode.swift; path = MainTabBarController.swift; sourceTree = "<group>"; };
		77B38A7C2BBD73EA00D77566 /* PeopleViewController.swift */ = {isa = PBXFileReference; lastKnownFileType = sourcecode.swift; path = PeopleViewController.swift; sourceTree = "<group>"; };
		77B38A7E2BC0023700D77566 /* activeChats.json */ = {isa = PBXFileReference; fileEncoding = 4; lastKnownFileType = text.json; name = activeChats.json; path = "../../../../Downloads/15. урок/IChat/Extensions/UIKIt/activeChats.json"; sourceTree = "<group>"; };
		77B38A802BC0024000D77566 /* waitingChats.json */ = {isa = PBXFileReference; fileEncoding = 4; lastKnownFileType = text.json; name = waitingChats.json; path = "../../../../Downloads/15. урок/IChat/Extensions/UIKIt/waitingChats.json"; sourceTree = "<group>"; };
		77B38A822BC0026B00D77566 /* Bundle-Decodable.swift */ = {isa = PBXFileReference; lastKnownFileType = sourcecode.swift; path = "Bundle-Decodable.swift"; sourceTree = "<group>"; };
		77B38A852BC00F8E00D77566 /* ActiveChatCell.swift */ = {isa = PBXFileReference; lastKnownFileType = sourcecode.swift; path = ActiveChatCell.swift; sourceTree = "<group>"; };
		77D692FE2BB629680089A964 /* MathPro.app */ = {isa = PBXFileReference; explicitFileType = wrapper.application; includeInIndex = 0; path = MathPro.app; sourceTree = BUILT_PRODUCTS_DIR; };
		77D693012BB629680089A964 /* AppDelegate.swift */ = {isa = PBXFileReference; lastKnownFileType = sourcecode.swift; path = AppDelegate.swift; sourceTree = "<group>"; };
		77D693032BB629680089A964 /* SceneDelegate.swift */ = {isa = PBXFileReference; lastKnownFileType = sourcecode.swift; path = SceneDelegate.swift; sourceTree = "<group>"; };
		77D693052BB629680089A964 /* AuthViewController.swift */ = {isa = PBXFileReference; lastKnownFileType = sourcecode.swift; path = AuthViewController.swift; sourceTree = "<group>"; };
		77D6930A2BB629690089A964 /* Assets.xcassets */ = {isa = PBXFileReference; lastKnownFileType = folder.assetcatalog; path = Assets.xcassets; sourceTree = "<group>"; };
		77D6930D2BB629690089A964 /* Base */ = {isa = PBXFileReference; lastKnownFileType = file.storyboard; name = Base; path = Base.lproj/LaunchScreen.storyboard; sourceTree = "<group>"; };
		77D6930F2BB629690089A964 /* Info.plist */ = {isa = PBXFileReference; lastKnownFileType = text.plist.xml; path = Info.plist; sourceTree = "<group>"; };
		77DEED342BBC25C500BB7F6D /* SegmentedControl + Extension.swift */ = {isa = PBXFileReference; lastKnownFileType = sourcecode.swift; path = "SegmentedControl + Extension.swift"; sourceTree = "<group>"; };
/* End PBXFileReference section */

/* Begin PBXFrameworksBuildPhase section */
		77D692FB2BB629680089A964 /* Frameworks */ = {
			isa = PBXFrameworksBuildPhase;
			buildActionMask = 2147483647;
			files = (
			);
			runOnlyForDeploymentPostprocessing = 0;
		};
/* End PBXFrameworksBuildPhase section */

/* Begin PBXGroup section */
		7728A16C2BB8A3910089B95D /* Extensions */ = {
			isa = PBXGroup;
			children = (
				7728A16E2BB8A4320089B95D /* UIKit */,
				7728A16F2BB8A45D0089B95D /* ButtonFormView.swift */,
				77AF94772BBAFC3C00F2E4DE /* OneLineTextField.swift */,
				77AF947D2BBB53F000F2E4DE /* AddPhotoView.swift */,
				77B38A822BC0026B00D77566 /* Bundle-Decodable.swift */,
				7783AEAA2BC72110008D9E2F /* GradientView.swift */,
				77B38A7E2BC0023700D77566 /* activeChats.json */,
				77B38A802BC0024000D77566 /* waitingChats.json */,
			);
			path = Extensions;
			sourceTree = "<group>";
		};
		7728A16D2BB8A3FE0089B95D /* Base.Iproj */ = {
			isa = PBXGroup;
			children = (
				77D6930C2BB629690089A964 /* LaunchScreen.storyboard */,
			);
			path = Base.Iproj;
			sourceTree = "<group>";
		};
		7728A16E2BB8A4320089B95D /* UIKit */ = {
			isa = PBXGroup;
			children = (
				7728A1642BB8820E0089B95D /* UIButton + Extension.swift */,
				7728A1682BB882340089B95D /* UIFont + Extension.swift */,
				7728A16A2BB8826E0089B95D /* UIImageView + Extension.swift */,
				7728A1662BB882210089B95D /* UIColor + Extension.swift */,
				7728A1622BB881E90089B95D /* Label + Extension.swift */,
				77A0BF662BBAA95900967005 /* StackView + Entension.swift */,
				77DEED342BBC25C500BB7F6D /* SegmentedControl + Extension.swift */,
			);
			path = UIKit;
			sourceTree = "<group>";
		};
		7783AEAE2BC72ECC008D9E2F /* Protocols */ = {
			isa = PBXGroup;
			children = (
				7783AEAF2BC72EE1008D9E2F /* SelfConfiguringCell.swift */,
			);
			path = Protocols;
			sourceTree = "<group>";
		};
		77B38A782BBD732D00D77566 /* SignInAuth */ = {
			isa = PBXGroup;
			children = (
				77D693052BB629680089A964 /* AuthViewController.swift */,
				77AF94752BBAF7E600F2E4DE /* SignUpViewController.swift */,
				77AF94792BBB066C00F2E4DE /* LoginViewController.swift */,
				77AF947B2BBB4F9200F2E4DE /* SetupProfileViewController.swift */,
			);
			path = SignInAuth;
			sourceTree = "<group>";
		};
		77B38A792BBD734D00D77566 /* Controllers */ = {
			isa = PBXGroup;
			children = (
				77B38A842BC00F6500D77566 /* cell */,
				77B38A762BBD6FD700D77566 /* ListViewController.swift */,
				77B38A7A2BBD737500D77566 /* MainTabBarController.swift */,
				77B38A7C2BBD73EA00D77566 /* PeopleViewController.swift */,
				777B5BB22BC8087800145FEF /* SectionHeader.swift */,
			);
			path = Controllers;
			sourceTree = "<group>";
		};
		77B38A842BC00F6500D77566 /* cell */ = {
			isa = PBXGroup;
			children = (
				77B38A852BC00F8E00D77566 /* ActiveChatCell.swift */,
				7783AEAC2BC72E27008D9E2F /* WaitingChatCell.swift */,
			);
			path = cell;
			sourceTree = "<group>";
		};
		77D692F52BB629680089A964 = {
			isa = PBXGroup;
			children = (
				77D693002BB629680089A964 /* MathPro */,
				77D692FF2BB629680089A964 /* Products */,
			);
			sourceTree = "<group>";
		};
		77D692FF2BB629680089A964 /* Products */ = {
			isa = PBXGroup;
			children = (
				77D692FE2BB629680089A964 /* MathPro.app */,
			);
			name = Products;
			sourceTree = "<group>";
		};
		77D693002BB629680089A964 /* MathPro */ = {
			isa = PBXGroup;
			children = (
				7783AEAE2BC72ECC008D9E2F /* Protocols */,
				77B38A792BBD734D00D77566 /* Controllers */,
				7728A16D2BB8A3FE0089B95D /* Base.Iproj */,
				7728A16C2BB8A3910089B95D /* Extensions */,
				77D693012BB629680089A964 /* AppDelegate.swift */,
				77D693032BB629680089A964 /* SceneDelegate.swift */,
				77B38A782BBD732D00D77566 /* SignInAuth */,
				77D6930A2BB629690089A964 /* Assets.xcassets */,
				77D6930F2BB629690089A964 /* Info.plist */,
			);
			path = MathPro;
			sourceTree = "<group>";
		};
/* End PBXGroup section */

/* Begin PBXNativeTarget section */
		77D692FD2BB629680089A964 /* MathPro */ = {
			isa = PBXNativeTarget;
			buildConfigurationList = 77D693122BB629690089A964 /* Build configuration list for PBXNativeTarget "MathPro" */;
			buildPhases = (
				77D692FA2BB629680089A964 /* Sources */,
				77D692FB2BB629680089A964 /* Frameworks */,
				77D692FC2BB629680089A964 /* Resources */,
			);
			buildRules = (
			);
			dependencies = (
			);
			name = MathPro;
			productName = MathPro;
			productReference = 77D692FE2BB629680089A964 /* MathPro.app */;
			productType = "com.apple.product-type.application";
		};
/* End PBXNativeTarget section */

/* Begin PBXProject section */
		77D692F62BB629680089A964 /* Project object */ = {
			isa = PBXProject;
			attributes = {
				BuildIndependentTargetsInParallel = 1;
				LastSwiftUpdateCheck = 1510;
				LastUpgradeCheck = 1510;
				TargetAttributes = {
					77D692FD2BB629680089A964 = {
						CreatedOnToolsVersion = 15.1;
					};
				};
			};
			buildConfigurationList = 77D692F92BB629680089A964 /* Build configuration list for PBXProject "MathPro" */;
			compatibilityVersion = "Xcode 14.0";
			developmentRegion = en;
			hasScannedForEncodings = 0;
			knownRegions = (
				en,
				Base,
			);
			mainGroup = 77D692F52BB629680089A964;
			productRefGroup = 77D692FF2BB629680089A964 /* Products */;
			projectDirPath = "";
			projectRoot = "";
			targets = (
				77D692FD2BB629680089A964 /* MathPro */,
			);
		};
/* End PBXProject section */

/* Begin PBXResourcesBuildPhase section */
		77D692FC2BB629680089A964 /* Resources */ = {
			isa = PBXResourcesBuildPhase;
			buildActionMask = 2147483647;
			files = (
				77D6930E2BB629690089A964 /* LaunchScreen.storyboard in Resources */,
				77B38A7F2BC0023700D77566 /* activeChats.json in Resources */,
				77D6930B2BB629690089A964 /* Assets.xcassets in Resources */,
				77B38A812BC0024000D77566 /* waitingChats.json in Resources */,
			);
			runOnlyForDeploymentPostprocessing = 0;
		};
/* End PBXResourcesBuildPhase section */

/* Begin PBXSourcesBuildPhase section */
		77D692FA2BB629680089A964 /* Sources */ = {
			isa = PBXSourcesBuildPhase;
			buildActionMask = 2147483647;
			files = (
				777B5BB32BC8087800145FEF /* SectionHeader.swift in Sources */,
				77B38A772BBD6FD700D77566 /* ListViewController.swift in Sources */,
				77AF94782BBAFC3C00F2E4DE /* OneLineTextField.swift in Sources */,
				7783AEAB2BC72110008D9E2F /* GradientView.swift in Sources */,
				77B38A7B2BBD737500D77566 /* MainTabBarController.swift in Sources */,
				77AF94762BBAF7E600F2E4DE /* SignUpViewController.swift in Sources */,
				77B38A862BC00F8E00D77566 /* ActiveChatCell.swift in Sources */,
				7728A1652BB8820E0089B95D /* UIButton + Extension.swift in Sources */,
				77B38A7D2BBD73EA00D77566 /* PeopleViewController.swift in Sources */,
				77D693062BB629680089A964 /* AuthViewController.swift in Sources */,
				77B38A832BC0026B00D77566 /* Bundle-Decodable.swift in Sources */,
				77AF947C2BBB4F9200F2E4DE /* SetupProfileViewController.swift in Sources */,
				77D693022BB629680089A964 /* AppDelegate.swift in Sources */,
				7728A1702BB8A45D0089B95D /* ButtonFormView.swift in Sources */,
				77AF947E2BBB53F000F2E4DE /* AddPhotoView.swift in Sources */,
				7728A1672BB882210089B95D /* UIColor + Extension.swift in Sources */,
				7728A16B2BB8826E0089B95D /* UIImageView + Extension.swift in Sources */,
				77DEED352BBC25C500BB7F6D /* SegmentedControl + Extension.swift in Sources */,
				7783AEB02BC72EE1008D9E2F /* SelfConfiguringCell.swift in Sources */,
				7783AEAD2BC72E27008D9E2F /* WaitingChatCell.swift in Sources */,
				7728A1632BB881E90089B95D /* Label + Extension.swift in Sources */,
				77A0BF672BBAA95900967005 /* StackView + Entension.swift in Sources */,
				7728A1692BB882340089B95D /* UIFont + Extension.swift in Sources */,
				77AF947A2BBB066C00F2E4DE /* LoginViewController.swift in Sources */,
				77D693042BB629680089A964 /* SceneDelegate.swift in Sources */,
			);
			runOnlyForDeploymentPostprocessing = 0;
		};
/* End PBXSourcesBuildPhase section */

/* Begin PBXVariantGroup section */
		77D6930C2BB629690089A964 /* LaunchScreen.storyboard */ = {
			isa = PBXVariantGroup;
			children = (
				77D6930D2BB629690089A964 /* Base */,
			);
			name = LaunchScreen.storyboard;
			sourceTree = "<group>";
		};
/* End PBXVariantGroup section */

/* Begin XCBuildConfiguration section */
		77D693102BB629690089A964 /* Debug */ = {
			isa = XCBuildConfiguration;
			buildSettings = {
				ALWAYS_SEARCH_USER_PATHS = NO;
				ASSETCATALOG_COMPILER_GENERATE_SWIFT_ASSET_SYMBOL_EXTENSIONS = YES;
				CLANG_ANALYZER_NONNULL = YES;
				CLANG_ANALYZER_NUMBER_OBJECT_CONVERSION = YES_AGGRESSIVE;
				CLANG_CXX_LANGUAGE_STANDARD = "gnu++20";
				CLANG_ENABLE_MODULES = YES;
				CLANG_ENABLE_OBJC_ARC = YES;
				CLANG_ENABLE_OBJC_WEAK = YES;
				CLANG_WARN_BLOCK_CAPTURE_AUTORELEASING = YES;
				CLANG_WARN_BOOL_CONVERSION = YES;
				CLANG_WARN_COMMA = YES;
				CLANG_WARN_CONSTANT_CONVERSION = YES;
				CLANG_WARN_DEPRECATED_OBJC_IMPLEMENTATIONS = YES;
				CLANG_WARN_DIRECT_OBJC_ISA_USAGE = YES_ERROR;
				CLANG_WARN_DOCUMENTATION_COMMENTS = YES;
				CLANG_WARN_EMPTY_BODY = YES;
				CLANG_WARN_ENUM_CONVERSION = YES;
				CLANG_WARN_INFINITE_RECURSION = YES;
				CLANG_WARN_INT_CONVERSION = YES;
				CLANG_WARN_NON_LITERAL_NULL_CONVERSION = YES;
				CLANG_WARN_OBJC_IMPLICIT_RETAIN_SELF = YES;
				CLANG_WARN_OBJC_LITERAL_CONVERSION = YES;
				CLANG_WARN_OBJC_ROOT_CLASS = YES_ERROR;
				CLANG_WARN_QUOTED_INCLUDE_IN_FRAMEWORK_HEADER = YES;
				CLANG_WARN_RANGE_LOOP_ANALYSIS = YES;
				CLANG_WARN_STRICT_PROTOTYPES = YES;
				CLANG_WARN_SUSPICIOUS_MOVE = YES;
				CLANG_WARN_UNGUARDED_AVAILABILITY = YES_AGGRESSIVE;
				CLANG_WARN_UNREACHABLE_CODE = YES;
				CLANG_WARN__DUPLICATE_METHOD_MATCH = YES;
				COPY_PHASE_STRIP = NO;
				DEBUG_INFORMATION_FORMAT = dwarf;
				ENABLE_STRICT_OBJC_MSGSEND = YES;
				ENABLE_TESTABILITY = YES;
				ENABLE_USER_SCRIPT_SANDBOXING = YES;
				GCC_C_LANGUAGE_STANDARD = gnu17;
				GCC_DYNAMIC_NO_PIC = NO;
				GCC_NO_COMMON_BLOCKS = YES;
				GCC_OPTIMIZATION_LEVEL = 0;
				GCC_PREPROCESSOR_DEFINITIONS = (
					"DEBUG=1",
					"$(inherited)",
				);
				GCC_WARN_64_TO_32_BIT_CONVERSION = YES;
				GCC_WARN_ABOUT_RETURN_TYPE = YES_ERROR;
				GCC_WARN_UNDECLARED_SELECTOR = YES;
				GCC_WARN_UNINITIALIZED_AUTOS = YES_AGGRESSIVE;
				GCC_WARN_UNUSED_FUNCTION = YES;
				GCC_WARN_UNUSED_VARIABLE = YES;
				IPHONEOS_DEPLOYMENT_TARGET = 17.2;
				LOCALIZATION_PREFERS_STRING_CATALOGS = YES;
				MTL_ENABLE_DEBUG_INFO = INCLUDE_SOURCE;
				MTL_FAST_MATH = YES;
				ONLY_ACTIVE_ARCH = YES;
				SDKROOT = iphoneos;
				SWIFT_ACTIVE_COMPILATION_CONDITIONS = "DEBUG $(inherited)";
				SWIFT_OPTIMIZATION_LEVEL = "-Onone";
			};
			name = Debug;
		};
		77D693112BB629690089A964 /* Release */ = {
			isa = XCBuildConfiguration;
			buildSettings = {
				ALWAYS_SEARCH_USER_PATHS = NO;
				ASSETCATALOG_COMPILER_GENERATE_SWIFT_ASSET_SYMBOL_EXTENSIONS = YES;
				CLANG_ANALYZER_NONNULL = YES;
				CLANG_ANALYZER_NUMBER_OBJECT_CONVERSION = YES_AGGRESSIVE;
				CLANG_CXX_LANGUAGE_STANDARD = "gnu++20";
				CLANG_ENABLE_MODULES = YES;
				CLANG_ENABLE_OBJC_ARC = YES;
				CLANG_ENABLE_OBJC_WEAK = YES;
				CLANG_WARN_BLOCK_CAPTURE_AUTORELEASING = YES;
				CLANG_WARN_BOOL_CONVERSION = YES;
				CLANG_WARN_COMMA = YES;
				CLANG_WARN_CONSTANT_CONVERSION = YES;
				CLANG_WARN_DEPRECATED_OBJC_IMPLEMENTATIONS = YES;
				CLANG_WARN_DIRECT_OBJC_ISA_USAGE = YES_ERROR;
				CLANG_WARN_DOCUMENTATION_COMMENTS = YES;
				CLANG_WARN_EMPTY_BODY = YES;
				CLANG_WARN_ENUM_CONVERSION = YES;
				CLANG_WARN_INFINITE_RECURSION = YES;
				CLANG_WARN_INT_CONVERSION = YES;
				CLANG_WARN_NON_LITERAL_NULL_CONVERSION = YES;
				CLANG_WARN_OBJC_IMPLICIT_RETAIN_SELF = YES;
				CLANG_WARN_OBJC_LITERAL_CONVERSION = YES;
				CLANG_WARN_OBJC_ROOT_CLASS = YES_ERROR;
				CLANG_WARN_QUOTED_INCLUDE_IN_FRAMEWORK_HEADER = YES;
				CLANG_WARN_RANGE_LOOP_ANALYSIS = YES;
				CLANG_WARN_STRICT_PROTOTYPES = YES;
				CLANG_WARN_SUSPICIOUS_MOVE = YES;
				CLANG_WARN_UNGUARDED_AVAILABILITY = YES_AGGRESSIVE;
				CLANG_WARN_UNREACHABLE_CODE = YES;
				CLANG_WARN__DUPLICATE_METHOD_MATCH = YES;
				COPY_PHASE_STRIP = NO;
				DEBUG_INFORMATION_FORMAT = "dwarf-with-dsym";
				ENABLE_NS_ASSERTIONS = NO;
				ENABLE_STRICT_OBJC_MSGSEND = YES;
				ENABLE_USER_SCRIPT_SANDBOXING = YES;
				GCC_C_LANGUAGE_STANDARD = gnu17;
				GCC_NO_COMMON_BLOCKS = YES;
				GCC_WARN_64_TO_32_BIT_CONVERSION = YES;
				GCC_WARN_ABOUT_RETURN_TYPE = YES_ERROR;
				GCC_WARN_UNDECLARED_SELECTOR = YES;
				GCC_WARN_UNINITIALIZED_AUTOS = YES_AGGRESSIVE;
				GCC_WARN_UNUSED_FUNCTION = YES;
				GCC_WARN_UNUSED_VARIABLE = YES;
				IPHONEOS_DEPLOYMENT_TARGET = 17.2;
				LOCALIZATION_PREFERS_STRING_CATALOGS = YES;
				MTL_ENABLE_DEBUG_INFO = NO;
				MTL_FAST_MATH = YES;
				SDKROOT = iphoneos;
				SWIFT_COMPILATION_MODE = wholemodule;
				VALIDATE_PRODUCT = YES;
			};
			name = Release;
		};
		77D693132BB629690089A964 /* Debug */ = {
			isa = XCBuildConfiguration;
			buildSettings = {
				ASSETCATALOG_COMPILER_APPICON_NAME = AppIcon;
				ASSETCATALOG_COMPILER_GLOBAL_ACCENT_COLOR_NAME = AccentColor;
				CODE_SIGN_STYLE = Automatic;
				CURRENT_PROJECT_VERSION = 1;
				DEVELOPMENT_TEAM = 2A3746WANH;
				GENERATE_INFOPLIST_FILE = YES;
				INFOPLIST_FILE = MathPro/Info.plist;
				INFOPLIST_KEY_UIApplicationSupportsIndirectInputEvents = YES;
				INFOPLIST_KEY_UILaunchStoryboardName = LaunchScreen;
				INFOPLIST_KEY_UISupportedInterfaceOrientations_iPad = "UIInterfaceOrientationPortrait UIInterfaceOrientationPortraitUpsideDown UIInterfaceOrientationLandscapeLeft UIInterfaceOrientationLandscapeRight";
				INFOPLIST_KEY_UISupportedInterfaceOrientations_iPhone = "UIInterfaceOrientationPortrait UIInterfaceOrientationLandscapeLeft UIInterfaceOrientationLandscapeRight";
				LD_RUNPATH_SEARCH_PATHS = (
					"$(inherited)",
					"@executable_path/Frameworks",
				);
				MARKETING_VERSION = 1.0;
				PRODUCT_BUNDLE_IDENTIFIER = "-.MathPro";
				PRODUCT_NAME = "$(TARGET_NAME)";
				SWIFT_EMIT_LOC_STRINGS = YES;
				SWIFT_VERSION = 5.0;
				TARGETED_DEVICE_FAMILY = "1,2";
			};
			name = Debug;
		};
		77D693142BB629690089A964 /* Release */ = {
			isa = XCBuildConfiguration;
			buildSettings = {
				ASSETCATALOG_COMPILER_APPICON_NAME = AppIcon;
				ASSETCATALOG_COMPILER_GLOBAL_ACCENT_COLOR_NAME = AccentColor;
				CODE_SIGN_STYLE = Automatic;
				CURRENT_PROJECT_VERSION = 1;
				DEVELOPMENT_TEAM = 2A3746WANH;
				GENERATE_INFOPLIST_FILE = YES;
				INFOPLIST_FILE = MathPro/Info.plist;
				INFOPLIST_KEY_UIApplicationSupportsIndirectInputEvents = YES;
				INFOPLIST_KEY_UILaunchStoryboardName = LaunchScreen;
				INFOPLIST_KEY_UISupportedInterfaceOrientations_iPad = "UIInterfaceOrientationPortrait UIInterfaceOrientationPortraitUpsideDown UIInterfaceOrientationLandscapeLeft UIInterfaceOrientationLandscapeRight";
				INFOPLIST_KEY_UISupportedInterfaceOrientations_iPhone = "UIInterfaceOrientationPortrait UIInterfaceOrientationLandscapeLeft UIInterfaceOrientationLandscapeRight";
				LD_RUNPATH_SEARCH_PATHS = (
					"$(inherited)",
					"@executable_path/Frameworks",
				);
				MARKETING_VERSION = 1.0;
				PRODUCT_BUNDLE_IDENTIFIER = "-.MathPro";
				PRODUCT_NAME = "$(TARGET_NAME)";
				SWIFT_EMIT_LOC_STRINGS = YES;
				SWIFT_VERSION = 5.0;
				TARGETED_DEVICE_FAMILY = "1,2";
			};
			name = Release;
		};
/* End XCBuildConfiguration section */

/* Begin XCConfigurationList section */
		77D692F92BB629680089A964 /* Build configuration list for PBXProject "MathPro" */ = {
			isa = XCConfigurationList;
			buildConfigurations = (
				77D693102BB629690089A964 /* Debug */,
				77D693112BB629690089A964 /* Release */,
			);
			defaultConfigurationIsVisible = 0;
			defaultConfigurationName = Release;
		};
		77D693122BB629690089A964 /* Build configuration list for PBXNativeTarget "MathPro" */ = {
			isa = XCConfigurationList;
			buildConfigurations = (
				77D693132BB629690089A964 /* Debug */,
				77D693142BB629690089A964 /* Release */,
			);
			defaultConfigurationIsVisible = 0;
			defaultConfigurationName = Release;
		};
/* End XCConfigurationList section */
	};
	rootObject = 77D692F62BB629680089A964 /* Project object */;
}
